
Microsoft Visual Studio Solution File, Format Version 12.00
# Visual Studio 15
VisualStudioVersion = 15.0.26430.13
MinimumVisualStudioVersion = 10.0.40219.1
Project("{8BC9CEB8-8B4A-11D0-8D11-00A0C91BC942}") = "SpaceInvaders", "SpaceInvaders\SpaceInvaders.vcxproj", "{996DC73F-AB0D-4827-ADB5-900CDF86660C}"
EndProject
Project("{8BC9CEB8-8B4A-11D0-8D11-00A0C91BC942}") = "SpaceInvadersTest", "SpaceInvadersTest\SpaceInvadersTest.vcxproj", "{5311F093-587B-463A-B22E-E07153CEF3CE}"
EndProject
Global
	GlobalSection(SolutionConfigurationPlatforms) = preSolution
		Debug|x64 = Debug|x64
		Debug|x86 = Debug|x86
		Release|x64 = Release|x64
		Release|x86 = Release|x86
	EndGlobalSection
	GlobalSection(ProjectConfigurationPlatforms) = postSolution
		{996DC73F-AB0D-4827-ADB5-900CDF86660C}.Debug|x64.ActiveCfg = Release|Win32
		{996DC73F-AB0D-4827-ADB5-900CDF86660C}.Debug|x64.Build.0 = Release|Win32
		{996DC73F-AB0D-4827-ADB5-900CDF86660C}.Debug|x86.ActiveCfg = Debug|Win32
		{996DC73F-AB0D-4827-ADB5-900CDF86660C}.Debug|x86.Build.0 = Debug|Win32
		{996DC73F-AB0D-4827-ADB5-900CDF86660C}.Release|x64.ActiveCfg = Release|Win32
		{996DC73F-AB0D-4827-ADB5-900CDF86660C}.Release|x64.Build.0 = Release|Win32
		{996DC73F-AB0D-4827-ADB5-900CDF86660C}.Release|x86.ActiveCfg = Release|Win32
		{996DC73F-AB0D-4827-ADB5-900CDF86660C}.Release|x86.Build.0 = Release|Win32
		{5311F093-587B-463A-B22E-E07153CEF3CE}.Debug|x64.ActiveCfg = Release|Win32
		{5311F093-587B-463A-B22E-E07153CEF3CE}.Debug|x64.Build.0 = Release|Win32
		{5311F093-587B-463A-B22E-E07153CEF3CE}.Debug|x86.ActiveCfg = Debug|Win32
		{5311F093-587B-463A-B22E-E07153CEF3CE}.Debug|x86.Build.0 = Debug|Win32
		{5311F093-587B-463A-B22E-E07153CEF3CE}.Release|x64.ActiveCfg = Release|Win32
		{5311F093-587B-463A-B22E-E07153CEF3CE}.Release|x64.Build.0 = Release|Win32
		{5311F093-587B-463A-B22E-E07153CEF3CE}.Release|x86.ActiveCfg = Release|Win32
		{5311F093-587B-463A-B22E-E07153CEF3CE}.Release|x86.Build.0 = Release|Win32
	EndGlobalSection
	GlobalSection(SolutionProperties) = preSolution
		HideSolutionNode = FALSE
	EndGlobalSection
EndGlobal
